hash: 170de618e3c8c48bde813784499da6978e5401d4725f3059993c6008093dad1c
updated: 2016-10-20T11:26:41.056183429+08:00
imports:
- name: github.com/golang/protobuf
  version: 98fa357170587e470c5f27d3c3ea0947b71eb455
  subpackages:
  - proto
- name: github.com/Sirupsen/logrus
  version: 3ec0642a7fb6488f65b06f9040adc67e3990296a
- name: github.com/uber-go/atomic
  version: 6c2817a9ef3b9315f7d237a652f2ab0dac2aee96
- name: github.com/uber-go/zap
  version: c4939d1166b2220bb45338e21506623b4bbdec50
- name: golang.org/x/net
  version: a625e3953219464fdd5611bb48bf87c927717295
  subpackages:
  - context
  - http2
  - http2/hpack
  - idna
  - internal/timeseries
  - lex/httplex
  - trace
- name: google.golang.org/grpc
  version: b7f1379d3cbbbeb2ca3405852012e237aa05459e
  subpackages:
  - codes
  - credentials
  - grpclog
  - internal
  - metadata
  - naming
  - peer
  - transport
testImports: []
